
Microsoft Visual Studio Solution File, Format Version 12.00
# Visual Studio Version 17
VisualStudioVersion = 17.0.31903.59
MinimumVisualStudioVersion = 10.0.40219.1
Project("{2150E333-8FDC-42A3-9474-1A3956D46DE8}") = "src", "src", "{827E0CD3-B72D-47B6-A68D-7590B98EB39B}"
EndProject
Project("{2150E333-8FDC-42A3-9474-1A3956D46DE8}") = "IdentityService", "IdentityService", "{F8B90FFE-BB37-8A69-F901-2B9289615797}"
EndProject
Project("{FAE04EC0-301F-11D3-BF4B-00C04F79EFBC}") = "IdentityService.Api", "src\IdentityService\IdentityService.Api\IdentityService.Api.csproj", "{46F9F390-E470-4FB0-952F-81935A0B66C7}"
EndProject
Project("{FAE04EC0-301F-11D3-BF4B-00C04F79EFBC}") = "IdentityService.Application", "src\IdentityService\IdentityService.Application\IdentityService.Application.csproj", "{4AB6F417-32C1-44E8-BCF4-C155F4308D8C}"
EndProject
Project("{FAE04EC0-301F-11D3-BF4B-00C04F79EFBC}") = "IdentityService.Domain", "src\IdentityService\IdentityService.Domain\IdentityService.Domain.csproj", "{D305D8C9-C4F2-4ABB-B51C-61715E26EDE6}"
EndProject
Project("{FAE04EC0-301F-11D3-BF4B-00C04F79EFBC}") = "IdentityService.Infrastructure", "src\IdentityService\IdentityService.Infrastructure\IdentityService.Infrastructure.csproj", "{FEE2727C-255F-4BE6-A04A-25475285A650}"
EndProject
Project("{2150E333-8FDC-42A3-9474-1A3956D46DE8}") = "InventoryService", "InventoryService", "{5C8FFA71-ABED-225F-EBAA-B00A0796978F}"
EndProject
Project("{FAE04EC0-301F-11D3-BF4B-00C04F79EFBC}") = "InventoryService.Api", "src\InventoryService\InventoryService.Api\InventoryService.Api.csproj", "{654AC6A6-AADA-4A67-ADCE-62C8B32BB8A2}"
EndProject
Project("{FAE04EC0-301F-11D3-BF4B-00C04F79EFBC}") = "InventoryService.Application", "src\InventoryService\InventoryService.Application\InventoryService.Application.csproj", "{36262312-AF75-4A29-80B5-E0EAF321F867}"
EndProject
Project("{FAE04EC0-301F-11D3-BF4B-00C04F79EFBC}") = "InventoryService.Domain", "src\InventoryService\InventoryService.Domain\InventoryService.Domain.csproj", "{AD8BF332-CA5F-4707-ACA0-03E0315E3D80}"
EndProject
Project("{FAE04EC0-301F-11D3-BF4B-00C04F79EFBC}") = "InventoryService.Infrastructure", "src\InventoryService\InventoryService.Infrastructure\InventoryService.Infrastructure.csproj", "{908AC7F6-2325-4378-A3B3-864494BE1919}"
EndProject
Project("{FAE04EC0-301F-11D3-BF4B-00C04F79EFBC}") = "SharedKernel", "src\SharedKernel\SharedKernel.csproj", "{37DEA7C3-310E-4186-9E3D-CF6942166A0C}"
EndProject
Global
	GlobalSection(SolutionConfigurationPlatforms) = preSolution
		Debug|Any CPU = Debug|Any CPU
		Debug|x64 = Debug|x64
		Debug|x86 = Debug|x86
		Release|Any CPU = Release|Any CPU
		Release|x64 = Release|x64
		Release|x86 = Release|x86
	EndGlobalSection
	GlobalSection(ProjectConfigurationPlatforms) = postSolution
		{46F9F390-E470-4FB0-952F-81935A0B66C7}.Debug|Any CPU.ActiveCfg = Debug|Any CPU
		{46F9F390-E470-4FB0-952F-81935A0B66C7}.Debug|Any CPU.Build.0 = Debug|Any CPU
		{46F9F390-E470-4FB0-952F-81935A0B66C7}.Debug|x64.ActiveCfg = Debug|Any CPU
		{46F9F390-E470-4FB0-952F-81935A0B66C7}.Debug|x64.Build.0 = Debug|Any CPU
		{46F9F390-E470-4FB0-952F-81935A0B66C7}.Debug|x86.ActiveCfg = Debug|Any CPU
		{46F9F390-E470-4FB0-952F-81935A0B66C7}.Debug|x86.Build.0 = Debug|Any CPU
		{46F9F390-E470-4FB0-952F-81935A0B66C7}.Release|Any CPU.ActiveCfg = Release|Any CPU
		{46F9F390-E470-4FB0-952F-81935A0B66C7}.Release|Any CPU.Build.0 = Release|Any CPU
		{46F9F390-E470-4FB0-952F-81935A0B66C7}.Release|x64.ActiveCfg = Release|Any CPU
		{46F9F390-E470-4FB0-952F-81935A0B66C7}.Release|x64.Build.0 = Release|Any CPU
		{46F9F390-E470-4FB0-952F-81935A0B66C7}.Release|x86.ActiveCfg = Release|Any CPU
		{46F9F390-E470-4FB0-952F-81935A0B66C7}.Release|x86.Build.0 = Release|Any CPU
		{4AB6F417-32C1-44E8-BCF4-C155F4308D8C}.Debug|Any CPU.ActiveCfg = Debug|Any CPU
		{4AB6F417-32C1-44E8-BCF4-C155F4308D8C}.Debug|Any CPU.Build.0 = Debug|Any CPU
		{4AB6F417-32C1-44E8-BCF4-C155F4308D8C}.Debug|x64.ActiveCfg = Debug|Any CPU
		{4AB6F417-32C1-44E8-BCF4-C155F4308D8C}.Debug|x64.Build.0 = Debug|Any CPU
		{4AB6F417-32C1-44E8-BCF4-C155F4308D8C}.Debug|x86.ActiveCfg = Debug|Any CPU
		{4AB6F417-32C1-44E8-BCF4-C155F4308D8C}.Debug|x86.Build.0 = Debug|Any CPU
		{4AB6F417-32C1-44E8-BCF4-C155F4308D8C}.Release|Any CPU.ActiveCfg = Release|Any CPU
		{4AB6F417-32C1-44E8-BCF4-C155F4308D8C}.Release|Any CPU.Build.0 = Release|Any CPU
		{4AB6F417-32C1-44E8-BCF4-C155F4308D8C}.Release|x64.ActiveCfg = Release|Any CPU
		{4AB6F417-32C1-44E8-BCF4-C155F4308D8C}.Release|x64.Build.0 = Release|Any CPU
		{4AB6F417-32C1-44E8-BCF4-C155F4308D8C}.Release|x86.ActiveCfg = Release|Any CPU
		{4AB6F417-32C1-44E8-BCF4-C155F4308D8C}.Release|x86.Build.0 = Release|Any CPU
		{D305D8C9-C4F2-4ABB-B51C-61715E26EDE6}.Debug|Any CPU.ActiveCfg = Debug|Any CPU
		{D305D8C9-C4F2-4ABB-B51C-61715E26EDE6}.Debug|Any CPU.Build.0 = Debug|Any CPU
		{D305D8C9-C4F2-4ABB-B51C-61715E26EDE6}.Debug|x64.ActiveCfg = Debug|Any CPU
		{D305D8C9-C4F2-4ABB-B51C-61715E26EDE6}.Debug|x64.Build.0 = Debug|Any CPU
		{D305D8C9-C4F2-4ABB-B51C-61715E26EDE6}.Debug|x86.ActiveCfg = Debug|Any CPU
		{D305D8C9-C4F2-4ABB-B51C-61715E26EDE6}.Debug|x86.Build.0 = Debug|Any CPU
		{D305D8C9-C4F2-4ABB-B51C-61715E26EDE6}.Release|Any CPU.ActiveCfg = Release|Any CPU
		{D305D8C9-C4F2-4ABB-B51C-61715E26EDE6}.Release|Any CPU.Build.0 = Release|Any CPU
		{D305D8C9-C4F2-4ABB-B51C-61715E26EDE6}.Release|x64.ActiveCfg = Release|Any CPU
		{D305D8C9-C4F2-4ABB-B51C-61715E26EDE6}.Release|x64.Build.0 = Release|Any CPU
		{D305D8C9-C4F2-4ABB-B51C-61715E26EDE6}.Release|x86.ActiveCfg = Release|Any CPU
		{D305D8C9-C4F2-4ABB-B51C-61715E26EDE6}.Release|x86.Build.0 = Release|Any CPU
		{FEE2727C-255F-4BE6-A04A-25475285A650}.Debug|Any CPU.ActiveCfg = Debug|Any CPU
		{FEE2727C-255F-4BE6-A04A-25475285A650}.Debug|Any CPU.Build.0 = Debug|Any CPU
		{FEE2727C-255F-4BE6-A04A-25475285A650}.Debug|x64.ActiveCfg = Debug|Any CPU
		{FEE2727C-255F-4BE6-A04A-25475285A650}.Debug|x64.Build.0 = Debug|Any CPU
		{FEE2727C-255F-4BE6-A04A-25475285A650}.Debug|x86.ActiveCfg = Debug|Any CPU
		{FEE2727C-255F-4BE6-A04A-25475285A650}.Debug|x86.Build.0 = Debug|Any CPU
		{FEE2727C-255F-4BE6-A04A-25475285A650}.Release|Any CPU.ActiveCfg = Release|Any CPU
		{FEE2727C-255F-4BE6-A04A-25475285A650}.Release|Any CPU.Build.0 = Release|Any CPU
		{FEE2727C-255F-4BE6-A04A-25475285A650}.Release|x64.ActiveCfg = Release|Any CPU
		{FEE2727C-255F-4BE6-A04A-25475285A650}.Release|x64.Build.0 = Release|Any CPU
		{FEE2727C-255F-4BE6-A04A-25475285A650}.Release|x86.ActiveCfg = Release|Any CPU
		{FEE2727C-255F-4BE6-A04A-25475285A650}.Release|x86.Build.0 = Release|Any CPU
		{654AC6A6-AADA-4A67-ADCE-62C8B32BB8A2}.Debug|Any CPU.ActiveCfg = Debug|Any CPU
		{654AC6A6-AADA-4A67-ADCE-62C8B32BB8A2}.Debug|Any CPU.Build.0 = Debug|Any CPU
		{654AC6A6-AADA-4A67-ADCE-62C8B32BB8A2}.Debug|x64.ActiveCfg = Debug|Any CPU
		{654AC6A6-AADA-4A67-ADCE-62C8B32BB8A2}.Debug|x64.Build.0 = Debug|Any CPU
		{654AC6A6-AADA-4A67-ADCE-62C8B32BB8A2}.Debug|x86.ActiveCfg = Debug|Any CPU
		{654AC6A6-AADA-4A67-ADCE-62C8B32BB8A2}.Debug|x86.Build.0 = Debug|Any CPU
		{654AC6A6-AADA-4A67-ADCE-62C8B32BB8A2}.Release|Any CPU.ActiveCfg = Release|Any CPU
		{654AC6A6-AADA-4A67-ADCE-62C8B32BB8A2}.Release|Any CPU.Build.0 = Release|Any CPU
		{654AC6A6-AADA-4A67-ADCE-62C8B32BB8A2}.Release|x64.ActiveCfg = Release|Any CPU
		{654AC6A6-AADA-4A67-ADCE-62C8B32BB8A2}.Release|x64.Build.0 = Release|Any CPU
		{654AC6A6-AADA-4A67-ADCE-62C8B32BB8A2}.Release|x86.ActiveCfg = Release|Any CPU
		{654AC6A6-AADA-4A67-ADCE-62C8B32BB8A2}.Release|x86.Build.0 = Release|Any CPU
		{36262312-AF75-4A29-80B5-E0EAF321F867}.Debug|Any CPU.ActiveCfg = Debug|Any CPU
		{36262312-AF75-4A29-80B5-E0EAF321F867}.Debug|Any CPU.Build.0 = Debug|Any CPU
		{36262312-AF75-4A29-80B5-E0EAF321F867}.Debug|x64.ActiveCfg = Debug|Any CPU
		{36262312-AF75-4A29-80B5-E0EAF321F867}.Debug|x64.Build.0 = Debug|Any CPU
		{36262312-AF75-4A29-80B5-E0EAF321F867}.Debug|x86.ActiveCfg = Debug|Any CPU
		{36262312-AF75-4A29-80B5-E0EAF321F867}.Debug|x86.Build.0 = Debug|Any CPU
		{36262312-AF75-4A29-80B5-E0EAF321F867}.Release|Any CPU.ActiveCfg = Release|Any CPU
		{36262312-AF75-4A29-80B5-E0EAF321F867}.Release|Any CPU.Build.0 = Release|Any CPU
		{36262312-AF75-4A29-80B5-E0EAF321F867}.Release|x64.ActiveCfg = Release|Any CPU
		{36262312-AF75-4A29-80B5-E0EAF321F867}.Release|x64.Build.0 = Release|Any CPU
		{36262312-AF75-4A29-80B5-E0EAF321F867}.Release|x86.ActiveCfg = Release|Any CPU
		{36262312-AF75-4A29-80B5-E0EAF321F867}.Release|x86.Build.0 = Release|Any CPU
		{AD8BF332-CA5F-4707-ACA0-03E0315E3D80}.Debug|Any CPU.ActiveCfg = Debug|Any CPU
		{AD8BF332-CA5F-4707-ACA0-03E0315E3D80}.Debug|Any CPU.Build.0 = Debug|Any CPU
		{AD8BF332-CA5F-4707-ACA0-03E0315E3D80}.Debug|x64.ActiveCfg = Debug|Any CPU
		{AD8BF332-CA5F-4707-ACA0-03E0315E3D80}.Debug|x64.Build.0 = Debug|Any CPU
		{AD8BF332-CA5F-4707-ACA0-03E0315E3D80}.Debug|x86.ActiveCfg = Debug|Any CPU
		{AD8BF332-CA5F-4707-ACA0-03E0315E3D80}.Debug|x86.Build.0 = Debug|Any CPU
		{AD8BF332-CA5F-4707-ACA0-03E0315E3D80}.Release|Any CPU.ActiveCfg = Release|Any CPU
		{AD8BF332-CA5F-4707-ACA0-03E0315E3D80}.Release|Any CPU.Build.0 = Release|Any CPU
		{AD8BF332-CA5F-4707-ACA0-03E0315E3D80}.Release|x64.ActiveCfg = Release|Any CPU
		{AD8BF332-CA5F-4707-ACA0-03E0315E3D80}.Release|x64.Build.0 = Release|Any CPU
		{AD8BF332-CA5F-4707-ACA0-03E0315E3D80}.Release|x86.ActiveCfg = Release|Any CPU
		{AD8BF332-CA5F-4707-ACA0-03E0315E3D80}.Release|x86.Build.0 = Release|Any CPU
		{908AC7F6-2325-4378-A3B3-864494BE1919}.Debug|Any CPU.ActiveCfg = Debug|Any CPU
		{908AC7F6-2325-4378-A3B3-864494BE1919}.Debug|Any CPU.Build.0 = Debug|Any CPU
		{908AC7F6-2325-4378-A3B3-864494BE1919}.Debug|x64.ActiveCfg = Debug|Any CPU
		{908AC7F6-2325-4378-A3B3-864494BE1919}.Debug|x64.Build.0 = Debug|Any CPU
		{908AC7F6-2325-4378-A3B3-864494BE1919}.Debug|x86.ActiveCfg = Debug|Any CPU
		{908AC7F6-2325-4378-A3B3-864494BE1919}.Debug|x86.Build.0 = Debug|Any CPU
		{908AC7F6-2325-4378-A3B3-864494BE1919}.Release|Any CPU.ActiveCfg = Release|Any CPU
		{908AC7F6-2325-4378-A3B3-864494BE1919}.Release|Any CPU.Build.0 = Release|Any CPU
		{908AC7F6-2325-4378-A3B3-864494BE1919}.Release|x64.ActiveCfg = Release|Any CPU
		{908AC7F6-2325-4378-A3B3-864494BE1919}.Release|x64.Build.0 = Release|Any CPU
		{908AC7F6-2325-4378-A3B3-864494BE1919}.Release|x86.ActiveCfg = Release|Any CPU
		{908AC7F6-2325-4378-A3B3-864494BE1919}.Release|x86.Build.0 = Release|Any CPU
		{37DEA7C3-310E-4186-9E3D-CF6942166A0C}.Debug|Any CPU.ActiveCfg = Debug|Any CPU
		{37DEA7C3-310E-4186-9E3D-CF6942166A0C}.Debug|Any CPU.Build.0 = Debug|Any CPU
		{37DEA7C3-310E-4186-9E3D-CF6942166A0C}.Debug|x64.ActiveCfg = Debug|Any CPU
		{37DEA7C3-310E-4186-9E3D-CF6942166A0C}.Debug|x64.Build.0 = Debug|Any CPU
		{37DEA7C3-310E-4186-9E3D-CF6942166A0C}.Debug|x86.ActiveCfg = Debug|Any CPU
		{37DEA7C3-310E-4186-9E3D-CF6942166A0C}.Debug|x86.Build.0 = Debug|Any CPU
		{37DEA7C3-310E-4186-9E3D-CF6942166A0C}.Release|Any CPU.ActiveCfg = Release|Any CPU
		{37DEA7C3-310E-4186-9E3D-CF6942166A0C}.Release|Any CPU.Build.0 = Release|Any CPU
		{37DEA7C3-310E-4186-9E3D-CF6942166A0C}.Release|x64.ActiveCfg = Release|Any CPU
		{37DEA7C3-310E-4186-9E3D-CF6942166A0C}.Release|x64.Build.0 = Release|Any CPU
		{37DEA7C3-310E-4186-9E3D-CF6942166A0C}.Release|x86.ActiveCfg = Release|Any CPU
		{37DEA7C3-310E-4186-9E3D-CF6942166A0C}.Release|x86.Build.0 = Release|Any CPU
	EndGlobalSection
	GlobalSection(SolutionProperties) = preSolution
		HideSolutionNode = FALSE
	EndGlobalSection
	GlobalSection(NestedProjects) = preSolution
		{F8B90FFE-BB37-8A69-F901-2B9289615797} = {827E0CD3-B72D-47B6-A68D-7590B98EB39B}
		{46F9F390-E470-4FB0-952F-81935A0B66C7} = {F8B90FFE-BB37-8A69-F901-2B9289615797}
		{4AB6F417-32C1-44E8-BCF4-C155F4308D8C} = {F8B90FFE-BB37-8A69-F901-2B9289615797}
		{D305D8C9-C4F2-4ABB-B51C-61715E26EDE6} = {F8B90FFE-BB37-8A69-F901-2B9289615797}
		{FEE2727C-255F-4BE6-A04A-25475285A650} = {F8B90FFE-BB37-8A69-F901-2B9289615797}
		{5C8FFA71-ABED-225F-EBAA-B00A0796978F} = {827E0CD3-B72D-47B6-A68D-7590B98EB39B}
		{654AC6A6-AADA-4A67-ADCE-62C8B32BB8A2} = {5C8FFA71-ABED-225F-EBAA-B00A0796978F}
		{36262312-AF75-4A29-80B5-E0EAF321F867} = {5C8FFA71-ABED-225F-EBAA-B00A0796978F}
		{AD8BF332-CA5F-4707-ACA0-03E0315E3D80} = {5C8FFA71-ABED-225F-EBAA-B00A0796978F}
		{908AC7F6-2325-4378-A3B3-864494BE1919} = {5C8FFA71-ABED-225F-EBAA-B00A0796978F}
		{37DEA7C3-310E-4186-9E3D-CF6942166A0C} = {827E0CD3-B72D-47B6-A68D-7590B98EB39B}
	EndGlobalSection
EndGlobal
